
Microsoft Visual Studio Solution File, Format Version 9.00
# Visual Studio 2005
# Clarion 2.1.0.2447
Project("{83C2234D-9564-46a1-BCC0-8437264CB6AA}") = "InteropTest", "InteropTest.cnproj", "{B09502FD-C671-485F-9706-7AAAE6A1C60C}"
EndProject
Global
	GlobalSection(SolutionConfigurationPlatforms) = preSolution
		Debug|Any CPU = Debug|Any CPU
		Release|Any CPU = Release|Any CPU
	EndGlobalSection
	GlobalSection(ProjectConfigurationPlatforms) = postSolution
		{B09502FD-C671-485F-9706-7AAAE6A1C60C}.Debug|Any CPU.Build.0 = Debug|Any CPU
		{B09502FD-C671-485F-9706-7AAAE6A1C60C}.Debug|Any CPU.ActiveCfg = Debug|Any CPU
		{B09502FD-C671-485F-9706-7AAAE6A1C60C}.Release|Any CPU.Build.0 = Release|Any CPU
		{B09502FD-C671-485F-9706-7AAAE6A1C60C}.Release|Any CPU.ActiveCfg = Release|Any CPU
	EndGlobalSection
EndGlobal
